
Microsoft Visual Studio Solution File, Format Version 12.00
# Visual Studio Version 16
VisualStudioVersion = 16.0.31515.178
MinimumVisualStudioVersion = 10.0.40219.1
Project("{9A19103F-16F7-4668-BE54-9A1E7A4F7556}") = "Bet4ABestWorldPoC.API", "Bet4ABestWorldPoC.API\Bet4ABestWorldPoC.API.csproj", "{5BCB3D8C-ED49-4801-9E56-16EC6611F9B4}"
EndProject
Project("{9A19103F-16F7-4668-BE54-9A1E7A4F7556}") = "Bet4ABestWorldPoC.Services.Tests", "Bet4ABestWorldPoC.Tests\Bet4ABestWorldPoC.Services.Tests.csproj", "{EFDB32B8-F660-408B-BA19-F8704E356130}"
EndProject
Project("{9A19103F-16F7-4668-BE54-9A1E7A4F7556}") = "Bet4ABestWorldPoC.Services", "Bet4ABestWorldPoC.Services\Bet4ABestWorldPoC.Services.csproj", "{ABA975C3-AE9C-4F55-A6AA-39F5E97FB282}"
EndProject
Project("{9A19103F-16F7-4668-BE54-9A1E7A4F7556}") = "Bet4ABestWorldPoC.Repositories", "Bet4ABestWorldPoC.Repositories\Bet4ABestWorldPoC.Repositories.csproj", "{1F669D27-58A6-46FA-B8AC-C66AA3954CBE}"
EndProject
Project("{9A19103F-16F7-4668-BE54-9A1E7A4F7556}") = "Bet4ABestWorldPoC.Shared", "Bet4ABestWorldPoC.Utilities\Bet4ABestWorldPoC.Shared.csproj", "{4A5281B5-EAB5-4EFA-BA89-30C6E2A0B857}"
EndProject
Project("{2150E333-8FDC-42A3-9474-1A3956D46DE8}") = "Tests", "Tests", "{B3667E18-73A1-4684-8340-9A0AAA091A2D}"
EndProject
Project("{E53339B2-1760-4266-BCC7-CA923CBCF16C}") = "docker-compose", "docker-compose.dcproj", "{3C2AC834-0B37-4539-9A37-C3DDBC0866EE}"
EndProject
Global
	GlobalSection(SolutionConfigurationPlatforms) = preSolution
		Debug|Any CPU = Debug|Any CPU
		Release|Any CPU = Release|Any CPU
	EndGlobalSection
	GlobalSection(ProjectConfigurationPlatforms) = postSolution
		{5BCB3D8C-ED49-4801-9E56-16EC6611F9B4}.Debug|Any CPU.ActiveCfg = Debug|Any CPU
		{5BCB3D8C-ED49-4801-9E56-16EC6611F9B4}.Debug|Any CPU.Build.0 = Debug|Any CPU
		{5BCB3D8C-ED49-4801-9E56-16EC6611F9B4}.Release|Any CPU.ActiveCfg = Release|Any CPU
		{5BCB3D8C-ED49-4801-9E56-16EC6611F9B4}.Release|Any CPU.Build.0 = Release|Any CPU
		{EFDB32B8-F660-408B-BA19-F8704E356130}.Debug|Any CPU.ActiveCfg = Debug|Any CPU
		{EFDB32B8-F660-408B-BA19-F8704E356130}.Debug|Any CPU.Build.0 = Debug|Any CPU
		{EFDB32B8-F660-408B-BA19-F8704E356130}.Release|Any CPU.ActiveCfg = Release|Any CPU
		{EFDB32B8-F660-408B-BA19-F8704E356130}.Release|Any CPU.Build.0 = Release|Any CPU
		{ABA975C3-AE9C-4F55-A6AA-39F5E97FB282}.Debug|Any CPU.ActiveCfg = Debug|Any CPU
		{ABA975C3-AE9C-4F55-A6AA-39F5E97FB282}.Debug|Any CPU.Build.0 = Debug|Any CPU
		{ABA975C3-AE9C-4F55-A6AA-39F5E97FB282}.Release|Any CPU.ActiveCfg = Release|Any CPU
		{ABA975C3-AE9C-4F55-A6AA-39F5E97FB282}.Release|Any CPU.Build.0 = Release|Any CPU
		{1F669D27-58A6-46FA-B8AC-C66AA3954CBE}.Debug|Any CPU.ActiveCfg = Debug|Any CPU
		{1F669D27-58A6-46FA-B8AC-C66AA3954CBE}.Debug|Any CPU.Build.0 = Debug|Any CPU
		{1F669D27-58A6-46FA-B8AC-C66AA3954CBE}.Release|Any CPU.ActiveCfg = Release|Any CPU
		{1F669D27-58A6-46FA-B8AC-C66AA3954CBE}.Release|Any CPU.Build.0 = Release|Any CPU
		{4A5281B5-EAB5-4EFA-BA89-30C6E2A0B857}.Debug|Any CPU.ActiveCfg = Debug|Any CPU
		{4A5281B5-EAB5-4EFA-BA89-30C6E2A0B857}.Debug|Any CPU.Build.0 = Debug|Any CPU
		{4A5281B5-EAB5-4EFA-BA89-30C6E2A0B857}.Release|Any CPU.ActiveCfg = Release|Any CPU
		{4A5281B5-EAB5-4EFA-BA89-30C6E2A0B857}.Release|Any CPU.Build.0 = Release|Any CPU
		{3C2AC834-0B37-4539-9A37-C3DDBC0866EE}.Debug|Any CPU.ActiveCfg = Debug|Any CPU
		{3C2AC834-0B37-4539-9A37-C3DDBC0866EE}.Debug|Any CPU.Build.0 = Debug|Any CPU
		{3C2AC834-0B37-4539-9A37-C3DDBC0866EE}.Release|Any CPU.ActiveCfg = Release|Any CPU
		{3C2AC834-0B37-4539-9A37-C3DDBC0866EE}.Release|Any CPU.Build.0 = Release|Any CPU
	EndGlobalSection
	GlobalSection(SolutionProperties) = preSolution
		HideSolutionNode = FALSE
	EndGlobalSection
	GlobalSection(NestedProjects) = preSolution
		{EFDB32B8-F660-408B-BA19-F8704E356130} = {B3667E18-73A1-4684-8340-9A0AAA091A2D}
	EndGlobalSection
	GlobalSection(ExtensibilityGlobals) = postSolution
		SolutionGuid = {05BA3190-647A-4B7F-947C-C73A337B5E80}
	EndGlobalSection
EndGlobal
